
Microsoft Visual Studio Solution File, Format Version 12.00
# Visual Studio Version 17
VisualStudioVersion = 17.1.32328.378
MinimumVisualStudioVersion = 10.0.40219.1
Project("{FAE04EC0-301F-11D3-BF4B-00C04F79EFBC}") = "CWAssess2Car", "CWAssess2Car\CWAssess2Car.csproj", "{FCD16119-F669-4C47-AD20-B519B37E35D6}"
EndProject
Global
	GlobalSection(SolutionConfigurationPlatforms) = preSolution
		Debug|Any CPU = Debug|Any CPU
		Release|Any CPU = Release|Any CPU
	EndGlobalSection
	GlobalSection(ProjectConfigurationPlatforms) = postSolution
		{FCD16119-F669-4C47-AD20-B519B37E35D6}.Debug|Any CPU.ActiveCfg = Debug|Any CPU
		{FCD16119-F669-4C47-AD20-B519B37E35D6}.Debug|Any CPU.Build.0 = Debug|Any CPU
		{FCD16119-F669-4C47-AD20-B519B37E35D6}.Release|Any CPU.ActiveCfg = Release|Any CPU
		{FCD16119-F669-4C47-AD20-B519B37E35D6}.Release|Any CPU.Build.0 = Release|Any CPU
	EndGlobalSection
	GlobalSection(SolutionProperties) = preSolution
		HideSolutionNode = FALSE
	EndGlobalSection
	GlobalSection(ExtensibilityGlobals) = postSolution
		SolutionGuid = {81091756-048D-4132-955B-ACAD3492E8BA}
	EndGlobalSection
EndGlobal
